
Microsoft Visual Studio Solution File, Format Version 12.00
# Visual Studio 15
VisualStudioVersion = 15.0.28307.779
MinimumVisualStudioVersion = 10.0.40219.1
Project("{FAE04EC0-301F-11D3-BF4B-00C04F79EFBC}") = "ConsoleApp2", "ConsoleApp2\ConsoleApp2.csproj", "{C0E48C9D-9459-42FD-A633-EACF72E10638}"
EndProject
Global
	GlobalSection(SolutionConfigurationPlatforms) = preSolution
		Debug|Any CPU = Debug|Any CPU
		Release|Any CPU = Release|Any CPU
	EndGlobalSection
	GlobalSection(ProjectConfigurationPlatforms) = postSolution
		{C0E48C9D-9459-42FD-A633-EACF72E10638}.Debug|Any CPU.ActiveCfg = Debug|Any CPU
		{C0E48C9D-9459-42FD-A633-EACF72E10638}.Debug|Any CPU.Build.0 = Debug|Any CPU
		{C0E48C9D-9459-42FD-A633-EACF72E10638}.Release|Any CPU.ActiveCfg = Release|Any CPU
		{C0E48C9D-9459-42FD-A633-EACF72E10638}.Release|Any CPU.Build.0 = Release|Any CPU
	EndGlobalSection
	GlobalSection(SolutionProperties) = preSolution
		HideSolutionNode = FALSE
	EndGlobalSection
	GlobalSection(ExtensibilityGlobals) = postSolution
		SolutionGuid = {013A4AD3-7172-4B53-83ED-FCD9445DC6E0}
	EndGlobalSection
EndGlobal
